// !$*UTF8*$!
{
	archiveVersion = 1;
	classes = {
	};
	objectVersion = 56;
	objects = {

/* Begin PBXBuildFile section */
		19FF1F462A71933F0009D3C7 /* ProjectOneApp.swift in Sources */ = {isa = PBXBuildFile; fileRef = 19FF1F452A71933F0009D3C7 /* ProjectOneApp.swift */; };
		19FF1F482A71933F0009D3C7 /* ContentView.swift in Sources */ = {isa = PBXBuildFile; fileRef = 19FF1F472A71933F0009D3C7 /* ContentView.swift */; };
		19FF1F4A2A7193400009D3C7 /* Assets.xcassets in Resources */ = {isa = PBXBuildFile; fileRef = 19FF1F492A7193400009D3C7 /* Assets.xcassets */; };
		19FF1F4D2A7193400009D3C7 /* Preview Assets.xcassets in Resources */ = {isa = PBXBuildFile; fileRef = 19FF1F4C2A7193400009D3C7 /* Preview Assets.xcassets */; };
		19FF1F572A72A4E70009D3C7 /* CollectionView.swift in Sources */ = {isa = PBXBuildFile; fileRef = 19FF1F562A72A4E70009D3C7 /* CollectionView.swift */; };
		19FF1F592A72A5130009D3C7 /* TabViewCell.swift in Sources */ = {isa = PBXBuildFile; fileRef = 19FF1F582A72A5130009D3C7 /* TabViewCell.swift */; };
		19FF1F5B2A72A5720009D3C7 /* TabBarView.swift in Sources */ = {isa = PBXBuildFile; fileRef = 19FF1F5A2A72A5720009D3C7 /* TabBarView.swift */; };
		19FF1F5D2A72F18F0009D3C7 /* InicioView.swift in Sources */ = {isa = PBXBuildFile; fileRef = 19FF1F5C2A72F18F0009D3C7 /* InicioView.swift */; };
		19FF1F602A72F4240009D3C7 /* CollectionController.swift in Sources */ = {isa = PBXBuildFile; fileRef = 19FF1F5F2A72F4240009D3C7 /* CollectionController.swift */; };
		19FF1F622A72F5BB0009D3C7 /* CollectionModel.swift in Sources */ = {isa = PBXBuildFile; fileRef = 19FF1F612A72F5BB0009D3C7 /* CollectionModel.swift */; };
		19FF1F672A72FA5E0009D3C7 /* SalvoView.swift in Sources */ = {isa = PBXBuildFile; fileRef = 19FF1F662A72FA5E0009D3C7 /* SalvoView.swift */; };
		19FF1F692A72FA6F0009D3C7 /* StatusView.swift in Sources */ = {isa = PBXBuildFile; fileRef = 19FF1F682A72FA6F0009D3C7 /* StatusView.swift */; };
		19FF1F6C2A7310980009D3C7 /* DescriptionView.swift in Sources */ = {isa = PBXBuildFile; fileRef = 19FF1F6B2A7310980009D3C7 /* DescriptionView.swift */; };
/* End PBXBuildFile section */

/* Begin PBXFileReference section */
		19FF1F422A71933F0009D3C7 /* ProjectOne.app */ = {isa = PBXFileReference; explicitFileType = wrapper.application; includeInIndex = 0; path = ProjectOne.app; sourceTree = BUILT_PRODUCTS_DIR; };
		19FF1F452A71933F0009D3C7 /* ProjectOneApp.swift */ = {isa = PBXFileReference; lastKnownFileType = sourcecode.swift; path = ProjectOneApp.swift; sourceTree = "<group>"; };
		19FF1F472A71933F0009D3C7 /* ContentView.swift */ = {isa = PBXFileReference; lastKnownFileType = sourcecode.swift; path = ContentView.swift; sourceTree = "<group>"; };
		19FF1F492A7193400009D3C7 /* Assets.xcassets */ = {isa = PBXFileReference; lastKnownFileType = folder.assetcatalog; path = Assets.xcassets; sourceTree = "<group>"; };
		19FF1F4C2A7193400009D3C7 /* Preview Assets.xcassets */ = {isa = PBXFileReference; lastKnownFileType = folder.assetcatalog; path = "Preview Assets.xcassets"; sourceTree = "<group>"; };
		19FF1F562A72A4E70009D3C7 /* CollectionView.swift */ = {isa = PBXFileReference; lastKnownFileType = sourcecode.swift; path = CollectionView.swift; sourceTree = "<group>"; };
		19FF1F582A72A5130009D3C7 /* TabViewCell.swift */ = {isa = PBXFileReference; lastKnownFileType = sourcecode.swift; path = TabViewCell.swift; sourceTree = "<group>"; };
		19FF1F5A2A72A5720009D3C7 /* TabBarView.swift */ = {isa = PBXFileReference; lastKnownFileType = sourcecode.swift; path = TabBarView.swift; sourceTree = "<group>"; };
		19FF1F5C2A72F18F0009D3C7 /* InicioView.swift */ = {isa = PBXFileReference; lastKnownFileType = sourcecode.swift; path = InicioView.swift; sourceTree = "<group>"; };
		19FF1F5F2A72F4240009D3C7 /* CollectionController.swift */ = {isa = PBXFileReference; lastKnownFileType = sourcecode.swift; path = CollectionController.swift; sourceTree = "<group>"; };
		19FF1F612A72F5BB0009D3C7 /* CollectionModel.swift */ = {isa = PBXFileReference; lastKnownFileType = sourcecode.swift; path = CollectionModel.swift; sourceTree = "<group>"; };
		19FF1F662A72FA5E0009D3C7 /* SalvoView.swift */ = {isa = PBXFileReference; lastKnownFileType = sourcecode.swift; path = SalvoView.swift; sourceTree = "<group>"; };
		19FF1F682A72FA6F0009D3C7 /* StatusView.swift */ = {isa = PBXFileReference; lastKnownFileType = sourcecode.swift; path = StatusView.swift; sourceTree = "<group>"; };
		19FF1F6B2A7310980009D3C7 /* DescriptionView.swift */ = {isa = PBXFileReference; lastKnownFileType = sourcecode.swift; path = DescriptionView.swift; sourceTree = "<group>"; };
/* End PBXFileReference section */

/* Begin PBXFrameworksBuildPhase section */
		19FF1F3F2A71933F0009D3C7 /* Frameworks */ = {
			isa = PBXFrameworksBuildPhase;
			buildActionMask = 2147483647;
			files = (
			);
			runOnlyForDeploymentPostprocessing = 0;
		};
/* End PBXFrameworksBuildPhase section */

/* Begin PBXGroup section */
		19FF1F392A71933F0009D3C7 = {
			isa = PBXGroup;
			children = (
				19FF1F442A71933F0009D3C7 /* ProjectOne */,
				19FF1F432A71933F0009D3C7 /* Products */,
			);
			sourceTree = "<group>";
		};
		19FF1F432A71933F0009D3C7 /* Products */ = {
			isa = PBXGroup;
			children = (
				19FF1F422A71933F0009D3C7 /* ProjectOne.app */,
			);
			name = Products;
			sourceTree = "<group>";
		};
		19FF1F442A71933F0009D3C7 /* ProjectOne */ = {
			isa = PBXGroup;
			children = (
				19FF1F452A71933F0009D3C7 /* ProjectOneApp.swift */,
				19FF1F6A2A7300140009D3C7 /* Features */,
				19FF1F542A7297040009D3C7 /* Model */,
				19FF1F552A7297200009D3C7 /* Controller */,
				19FF1F532A7296FB0009D3C7 /* View */,
				19FF1F5E2A72F3C30009D3C7 /* Collection */,
				19FF1F492A7193400009D3C7 /* Assets.xcassets */,
				19FF1F4B2A7193400009D3C7 /* Preview Content */,
			);
			path = ProjectOne;
			sourceTree = "<group>";
		};
		19FF1F4B2A7193400009D3C7 /* Preview Content */ = {
			isa = PBXGroup;
			children = (
				19FF1F4C2A7193400009D3C7 /* Preview Assets.xcassets */,
			);
			path = "Preview Content";
			sourceTree = "<group>";
		};
		19FF1F532A7296FB0009D3C7 /* View */ = {
			isa = PBXGroup;
			children = (
				19FF1F472A71933F0009D3C7 /* ContentView.swift */,
				19FF1F5C2A72F18F0009D3C7 /* InicioView.swift */,
				19FF1F662A72FA5E0009D3C7 /* SalvoView.swift */,
				19FF1F6B2A7310980009D3C7 /* DescriptionView.swift */,
				19FF1F682A72FA6F0009D3C7 /* StatusView.swift */,
			);
			path = View;
			sourceTree = "<group>";
		};
		19FF1F542A7297040009D3C7 /* Model */ = {
			isa = PBXGroup;
			children = (
			);
			path = Model;
			sourceTree = "<group>";
		};
		19FF1F552A7297200009D3C7 /* Controller */ = {
			isa = PBXGroup;
			children = (
			);
			path = Controller;
			sourceTree = "<group>";
		};
		19FF1F5E2A72F3C30009D3C7 /* Collection */ = {
			isa = PBXGroup;
			children = (
				19FF1F562A72A4E70009D3C7 /* CollectionView.swift */,
				19FF1F5F2A72F4240009D3C7 /* CollectionController.swift */,
				19FF1F612A72F5BB0009D3C7 /* CollectionModel.swift */,
			);
			path = Collection;
			sourceTree = "<group>";
		};
		19FF1F6A2A7300140009D3C7 /* Features */ = {
			isa = PBXGroup;
			children = (
				19FF1F5A2A72A5720009D3C7 /* TabBarView.swift */,
				19FF1F582A72A5130009D3C7 /* TabViewCell.swift */,
			);
			path = Features;
			sourceTree = "<group>";
		};
/* End PBXGroup section */

/* Begin PBXNativeTarget section */
		19FF1F412A71933F0009D3C7 /* ProjectOne */ = {
			isa = PBXNativeTarget;
			buildConfigurationList = 19FF1F502A7193400009D3C7 /* Build configuration list for PBXNativeTarget "ProjectOne" */;
			buildPhases = (
				19FF1F3E2A71933F0009D3C7 /* Sources */,
				19FF1F3F2A71933F0009D3C7 /* Frameworks */,
				19FF1F402A71933F0009D3C7 /* Resources */,
			);
			buildRules = (
			);
			dependencies = (
			);
			name = ProjectOne;
			productName = ProjectOne;
			productReference = 19FF1F422A71933F0009D3C7 /* ProjectOne.app */;
			productType = "com.apple.product-type.application";
		};
/* End PBXNativeTarget section */

/* Begin PBXProject section */
		19FF1F3A2A71933F0009D3C7 /* Project object */ = {
			isa = PBXProject;
			attributes = {
				BuildIndependentTargetsInParallel = 1;
				LastSwiftUpdateCheck = 1430;
				LastUpgradeCheck = 1430;
				TargetAttributes = {
					19FF1F412A71933F0009D3C7 = {
						CreatedOnToolsVersion = 14.3.1;
					};
				};
			};
			buildConfigurationList = 19FF1F3D2A71933F0009D3C7 /* Build configuration list for PBXProject "ProjectOne" */;
			compatibilityVersion = "Xcode 14.0";
			developmentRegion = en;
			hasScannedForEncodings = 0;
			knownRegions = (
				en,
				Base,
			);
			mainGroup = 19FF1F392A71933F0009D3C7;
			productRefGroup = 19FF1F432A71933F0009D3C7 /* Products */;
			projectDirPath = "";
			projectRoot = "";
			targets = (
				19FF1F412A71933F0009D3C7 /* ProjectOne */,
			);
		};
/* End PBXProject section */

/* Begin PBXResourcesBuildPhase section */
		19FF1F402A71933F0009D3C7 /* Resources */ = {
			isa = PBXResourcesBuildPhase;
			buildActionMask = 2147483647;
			files = (
				19FF1F4D2A7193400009D3C7 /* Preview Assets.xcassets in Resources */,
				19FF1F4A2A7193400009D3C7 /* Assets.xcassets in Resources */,
			);
			runOnlyForDeploymentPostprocessing = 0;
		};
/* End PBXResourcesBuildPhase section */

/* Begin PBXSourcesBuildPhase section */
		19FF1F3E2A71933F0009D3C7 /* Sources */ = {
			isa = PBXSourcesBuildPhase;
			buildActionMask = 2147483647;
			files = (
				19FF1F572A72A4E70009D3C7 /* CollectionView.swift in Sources */,
				19FF1F482A71933F0009D3C7 /* ContentView.swift in Sources */,
				19FF1F692A72FA6F0009D3C7 /* StatusView.swift in Sources */,
				19FF1F6C2A7310980009D3C7 /* DescriptionView.swift in Sources */,
				19FF1F672A72FA5E0009D3C7 /* SalvoView.swift in Sources */,
				19FF1F592A72A5130009D3C7 /* TabViewCell.swift in Sources */,
				19FF1F5D2A72F18F0009D3C7 /* InicioView.swift in Sources */,
				19FF1F602A72F4240009D3C7 /* CollectionController.swift in Sources */,
				19FF1F622A72F5BB0009D3C7 /* CollectionModel.swift in Sources */,
				19FF1F5B2A72A5720009D3C7 /* TabBarView.swift in Sources */,
				19FF1F462A71933F0009D3C7 /* ProjectOneApp.swift in Sources */,
			);
			runOnlyForDeploymentPostprocessing = 0;
		};
/* End PBXSourcesBuildPhase section */

/* Begin XCBuildConfiguration section */
		19FF1F4E2A7193400009D3C7 /* Debug */ = {
			isa = XCBuildConfiguration;
			buildSettings = {
				ALWAYS_SEARCH_USER_PATHS = NO;
				CLANG_ANALYZER_NONNULL = YES;
				CLANG_ANALYZER_NUMBER_OBJECT_CONVERSION = YES_AGGRESSIVE;
				CLANG_CXX_LANGUAGE_STANDARD = "gnu++20";
				CLANG_ENABLE_MODULES = YES;
				CLANG_ENABLE_OBJC_ARC = YES;
				CLANG_ENABLE_OBJC_WEAK = YES;
				CLANG_WARN_BLOCK_CAPTURE_AUTORELEASING = YES;
				CLANG_WARN_BOOL_CONVERSION = YES;
				CLANG_WARN_COMMA = YES;
				CLANG_WARN_CONSTANT_CONVERSION = YES;
				CLANG_WARN_DEPRECATED_OBJC_IMPLEMENTATIONS = YES;
				CLANG_WARN_DIRECT_OBJC_ISA_USAGE = YES_ERROR;
				CLANG_WARN_DOCUMENTATION_COMMENTS = YES;
				CLANG_WARN_EMPTY_BODY = YES;
				CLANG_WARN_ENUM_CONVERSION = YES;
				CLANG_WARN_INFINITE_RECURSION = YES;
				CLANG_WARN_INT_CONVERSION = YES;
				CLANG_WARN_NON_LITERAL_NULL_CONVERSION = YES;
				CLANG_WARN_OBJC_IMPLICIT_RETAIN_SELF = YES;
				CLANG_WARN_OBJC_LITERAL_CONVERSION = YES;
				CLANG_WARN_OBJC_ROOT_CLASS = YES_ERROR;
				CLANG_WARN_QUOTED_INCLUDE_IN_FRAMEWORK_HEADER = YES;
				CLANG_WARN_RANGE_LOOP_ANALYSIS = YES;
				CLANG_WARN_STRICT_PROTOTYPES = YES;
				CLANG_WARN_SUSPICIOUS_MOVE = YES;
				CLANG_WARN_UNGUARDED_AVAILABILITY = YES_AGGRESSIVE;
				CLANG_WARN_UNREACHABLE_CODE = YES;
				CLANG_WARN__DUPLICATE_METHOD_MATCH = YES;
				COPY_PHASE_STRIP = NO;
				DEBUG_INFORMATION_FORMAT = dwarf;
				ENABLE_STRICT_OBJC_MSGSEND = YES;
				ENABLE_TESTABILITY = YES;
				GCC_C_LANGUAGE_STANDARD = gnu11;
				GCC_DYNAMIC_NO_PIC = NO;
				GCC_NO_COMMON_BLOCKS = YES;
				GCC_OPTIMIZATION_LEVEL = 0;
				GCC_PREPROCESSOR_DEFINITIONS = (
					"DEBUG=1",
					"$(inherited)",
				);
				GCC_WARN_64_TO_32_BIT_CONVERSION = YES;
				GCC_WARN_ABOUT_RETURN_TYPE = YES_ERROR;
				GCC_WARN_UNDECLARED_SELECTOR = YES;
				GCC_WARN_UNINITIALIZED_AUTOS = YES_AGGRESSIVE;
				GCC_WARN_UNUSED_FUNCTION = YES;
				GCC_WARN_UNUSED_VARIABLE = YES;
				IPHONEOS_DEPLOYMENT_TARGET = 16.4;
				MTL_ENABLE_DEBUG_INFO = INCLUDE_SOURCE;
				MTL_FAST_MATH = YES;
				ONLY_ACTIVE_ARCH = YES;
				SDKROOT = iphoneos;
				SWIFT_ACTIVE_COMPILATION_CONDITIONS = DEBUG;
				SWIFT_OPTIMIZATION_LEVEL = "-Onone";
			};
			name = Debug;
		};
		19FF1F4F2A7193400009D3C7 /* Release */ = {
			isa = XCBuildConfiguration;
			buildSettings = {
				ALWAYS_SEARCH_USER_PATHS = NO;
				CLANG_ANALYZER_NONNULL = YES;
				CLANG_ANALYZER_NUMBER_OBJECT_CONVERSION = YES_AGGRESSIVE;
				CLANG_CXX_LANGUAGE_STANDARD = "gnu++20";
				CLANG_ENABLE_MODULES = YES;
				CLANG_ENABLE_OBJC_ARC = YES;
				CLANG_ENABLE_OBJC_WEAK = YES;
				CLANG_WARN_BLOCK_CAPTURE_AUTORELEASING = YES;
				CLANG_WARN_BOOL_CONVERSION = YES;
				CLANG_WARN_COMMA = YES;
				CLANG_WARN_CONSTANT_CONVERSION = YES;
				CLANG_WARN_DEPRECATED_OBJC_IMPLEMENTATIONS = YES;
				CLANG_WARN_DIRECT_OBJC_ISA_USAGE = YES_ERROR;
				CLANG_WARN_DOCUMENTATION_COMMENTS = YES;
				CLANG_WARN_EMPTY_BODY = YES;
				CLANG_WARN_ENUM_CONVERSION = YES;
				CLANG_WARN_INFINITE_RECURSION = YES;
				CLANG_WARN_INT_CONVERSION = YES;
				CLANG_WARN_NON_LITERAL_NULL_CONVERSION = YES;
				CLANG_WARN_OBJC_IMPLICIT_RETAIN_SELF = YES;
				CLANG_WARN_OBJC_LITERAL_CONVERSION = YES;
				CLANG_WARN_OBJC_ROOT_CLASS = YES_ERROR;
				CLANG_WARN_QUOTED_INCLUDE_IN_FRAMEWORK_HEADER = YES;
				CLANG_WARN_RANGE_LOOP_ANALYSIS = YES;
				CLANG_WARN_STRICT_PROTOTYPES = YES;
				CLANG_WARN_SUSPICIOUS_MOVE = YES;
				CLANG_WARN_UNGUARDED_AVAILABILITY = YES_AGGRESSIVE;
				CLANG_WARN_UNREACHABLE_CODE = YES;
				CLANG_WARN__DUPLICATE_METHOD_MATCH = YES;
				COPY_PHASE_STRIP = NO;
				DEBUG_INFORMATION_FORMAT = "dwarf-with-dsym";
				ENABLE_NS_ASSERTIONS = NO;
				ENABLE_STRICT_OBJC_MSGSEND = YES;
				GCC_C_LANGUAGE_STANDARD = gnu11;
				GCC_NO_COMMON_BLOCKS = YES;
				GCC_WARN_64_TO_32_BIT_CONVERSION = YES;
				GCC_WARN_ABOUT_RETURN_TYPE = YES_ERROR;
				GCC_WARN_UNDECLARED_SELECTOR = YES;
				GCC_WARN_UNINITIALIZED_AUTOS = YES_AGGRESSIVE;
				GCC_WARN_UNUSED_FUNCTION = YES;
				GCC_WARN_UNUSED_VARIABLE = YES;
				IPHONEOS_DEPLOYMENT_TARGET = 16.4;
				MTL_ENABLE_DEBUG_INFO = NO;
				MTL_FAST_MATH = YES;
				SDKROOT = iphoneos;
				SWIFT_COMPILATION_MODE = wholemodule;
				SWIFT_OPTIMIZATION_LEVEL = "-O";
				VALIDATE_PRODUCT = YES;
			};
			name = Release;
		};
		19FF1F512A7193400009D3C7 /* Debug */ = {
			isa = XCBuildConfiguration;
			buildSettings = {
				ASSETCATALOG_COMPILER_APPICON_NAME = AppIcon;
				ASSETCATALOG_COMPILER_GLOBAL_ACCENT_COLOR_NAME = AccentColor;
				CODE_SIGN_STYLE = Automatic;
				CURRENT_PROJECT_VERSION = 1;
				DEVELOPMENT_ASSET_PATHS = "\"ProjectOne/Preview Content\"";
				DEVELOPMENT_TEAM = 8LW8TUQS66;
				ENABLE_PREVIEWS = YES;
				GENERATE_INFOPLIST_FILE = YES;
				INFOPLIST_KEY_UIApplicationSceneManifest_Generation = YES;
				INFOPLIST_KEY_UIApplicationSupportsIndirectInputEvents = YES;
				INFOPLIST_KEY_UILaunchScreen_Generation = YES;
				INFOPLIST_KEY_UISupportedInterfaceOrientations_iPad = "UIInterfaceOrientationPortrait UIInterfaceOrientationPortraitUpsideDown UIInterfaceOrientationLandscapeLeft UIInterfaceOrientationLandscapeRight";
				INFOPLIST_KEY_UISupportedInterfaceOrientations_iPhone = "UIInterfaceOrientationPortrait UIInterfaceOrientationLandscapeLeft UIInterfaceOrientationLandscapeRight";
				LD_RUNPATH_SEARCH_PATHS = (
					"$(inherited)",
					"@executable_path/Frameworks",
				);
				MARKETING_VERSION = 1.0;
				PRODUCT_BUNDLE_IDENTIFIER = laura.projects.ProjectOne;
				PRODUCT_NAME = "$(TARGET_NAME)";
				SWIFT_EMIT_LOC_STRINGS = YES;
				SWIFT_VERSION = 5.0;
				TARGETED_DEVICE_FAMILY = "1,2";
			};
			name = Debug;
		};
		19FF1F522A7193400009D3C7 /* Release */ = {
			isa = XCBuildConfiguration;
			buildSettings = {
				ASSETCATALOG_COMPILER_APPICON_NAME = AppIcon;
				ASSETCATALOG_COMPILER_GLOBAL_ACCENT_COLOR_NAME = AccentColor;
				CODE_SIGN_STYLE = Automatic;
				CURRENT_PROJECT_VERSION = 1;
				DEVELOPMENT_ASSET_PATHS = "\"ProjectOne/Preview Content\"";
				DEVELOPMENT_TEAM = 8LW8TUQS66;
				ENABLE_PREVIEWS = YES;
				GENERATE_INFOPLIST_FILE = YES;
				INFOPLIST_KEY_UIApplicationSceneManifest_Generation = YES;
				INFOPLIST_KEY_UIApplicationSupportsIndirectInputEvents = YES;
				INFOPLIST_KEY_UILaunchScreen_Generation = YES;
				INFOPLIST_KEY_UISupportedInterfaceOrientations_iPad = "UIInterfaceOrientationPortrait UIInterfaceOrientationPortraitUpsideDown UIInterfaceOrientationLandscapeLeft UIInterfaceOrientationLandscapeRight";
				INFOPLIST_KEY_UISupportedInterfaceOrientations_iPhone = "UIInterfaceOrientationPortrait UIInterfaceOrientationLandscapeLeft UIInterfaceOrientationLandscapeRight";
				LD_RUNPATH_SEARCH_PATHS = (
					"$(inherited)",
					"@executable_path/Frameworks",
				);
				MARKETING_VERSION = 1.0;
				PRODUCT_BUNDLE_IDENTIFIER = laura.projects.ProjectOne;
				PRODUCT_NAME = "$(TARGET_NAME)";
				SWIFT_EMIT_LOC_STRINGS = YES;
				SWIFT_VERSION = 5.0;
				TARGETED_DEVICE_FAMILY = "1,2";
			};
			name = Release;
		};
/* End XCBuildConfiguration section */

/* Begin XCConfigurationList section */
		19FF1F3D2A71933F0009D3C7 /* Build configuration list for PBXProject "ProjectOne" */ = {
			isa = XCConfigurationList;
			buildConfigurations = (
				19FF1F4E2A7193400009D3C7 /* Debug */,
				19FF1F4F2A7193400009D3C7 /* Release */,
			);
			defaultConfigurationIsVisible = 0;
			defaultConfigurationName = Release;
		};
		19FF1F502A7193400009D3C7 /* Build configuration list for PBXNativeTarget "ProjectOne" */ = {
			isa = XCConfigurationList;
			buildConfigurations = (
				19FF1F512A7193400009D3C7 /* Debug */,
				19FF1F522A7193400009D3C7 /* Release */,
			);
			defaultConfigurationIsVisible = 0;
			defaultConfigurationName = Release;
		};
/* End XCConfigurationList section */
	};
	rootObject = 19FF1F3A2A71933F0009D3C7 /* Project object */;
}
